PODS:
  - AFNetworking (3.1.0):
    - AFNetworking/NSURLSession (= 3.1.0)
    - AFNetworking/Reachability (= 3.1.0)
    - AFNetworking/Security (= 3.1.0)
    - AFNetworking/Serialization (= 3.1.0)
    - AFNetworking/UIKit (= 3.1.0)
  - AFNetworking/NSURLSession (3.1.0):
    - AFNetworking/Reachability
    - AFNetworking/Security
    - AFNetworking/Serialization
  - AFNetworking/Reachability (3.1.0)
  - AFNetworking/Security (3.1.0)
  - AFNetworking/Serialization (3.1.0)
  - AFNetworking/UIKit (3.1.0):
    - AFNetworking/NSURLSession
  - libdotEngine (1.0.0):
    - AFNetworking/Reachability
    - SocketRocket
  - SocketRocket (0.5.1)
  - Toast (3.1.0)

DEPENDENCIES:
  - AFNetworking
  - libdotEngine (from `https://github.com/dotEngine/dotEngine-ios-sdk.git`)
  - Toast

EXTERNAL SOURCES:
  libdotEngine:
    :git: https://github.com/dotEngine/dotEngine-ios-sdk.git

CHECKOUT OPTIONS:
  libdotEngine:
    :commit: 57db9154a3e8d9c2ffff02fe010f3140accda2ed
    :git: https://github.com/dotEngine/dotEngine-ios-sdk.git

SPEC CHECKSUMS:
  AFNetworking: 5e0e199f73d8626b11e79750991f5d173d1f8b67
  libdotEngine: a7a635df5c3eb4eb53df882740e7b437ede85ddb
  SocketRocket: d57c7159b83c3c6655745cd15302aa24b6bae531
  Toast: 14a93686d6c8bfe2727afd342414e35660a8a1f3

PODFILE CHECKSUM: b32072580bcc03306a91aaccaaa60df9f00883e1

COCOAPODS: 1.2.0.beta.1
